
Microsoft Visual Studio Solution File, Format Version 12.00
# Visual Studio Version 16
VisualStudioVersion = 16.0.31613.86
MinimumVisualStudioVersion = 10.0.40219.1
Project("{9A19103F-16F7-4668-BE54-9A1E7A4F7556}") = "1-Variables", "Variables\1-Variables.csproj", "{4BC3AECD-0D89-4DA5-9604-62F3D7664AE5}"
EndProject
Project("{9A19103F-16F7-4668-BE54-9A1E7A4F7556}") = "2-StringVariables", "2-StringVariables\2-StringVariables.csproj", "{FAE28770-C530-41E1-B3AC-C24E6449E7ED}"
EndProject
Project("{9A19103F-16F7-4668-BE54-9A1E7A4F7556}") = "3-CharVariables", "3-CharVariables\3-CharVariables.csproj", "{3FD26B5F-E7BE-463A-816F-E7B10290974A}"
EndProject
Project("{9A19103F-16F7-4668-BE54-9A1E7A4F7556}") = "4-NumberVariables", "4-NumberVariables\4-NumberVariables.csproj", "{AA0E5E43-7D81-497E-8A7A-F609D262DEF7}"
EndProject
Project("{9A19103F-16F7-4668-BE54-9A1E7A4F7556}") = "5-DoubleDecimalFloatVariables", "5-DoubleDecimalFloatVariables\5-DoubleDecimalFloatVariables.csproj", "{A84F93CA-F471-4EDB-91ED-7125EC234CB5}"
EndProject
Project("{9A19103F-16F7-4668-BE54-9A1E7A4F7556}") = "6-BoolVariables", "6-BoolVariables\6-BoolVariables.csproj", "{DE0B1D0F-E43A-402B-A35E-5EE02CFB1014}"
EndProject
Project("{9A19103F-16F7-4668-BE54-9A1E7A4F7556}") = "7-DateTimeVariables", "DateTimeVariables\7-DateTimeVariables.csproj", "{85B4F6FE-3F2E-4392-8A48-AA4DD653A650}"
EndProject
Project("{9A19103F-16F7-4668-BE54-9A1E7A4F7556}") = "Example - 1", "Example - 1\Example - 1.csproj", "{D059B112-DED5-4FBC-A911-369B8C99AF7C}"
EndProject
Project("{9A19103F-16F7-4668-BE54-9A1E7A4F7556}") = "8-TypeConvert", "8-TypeConvert\8-TypeConvert.csproj", "{22B1B5E3-D286-4D9B-B224-980015BD1CDB}"
EndProject
Project("{9A19103F-16F7-4668-BE54-9A1E7A4F7556}") = "Example-2", "Example-2\Example-2.csproj", "{91BA4BC6-306D-4259-8D03-7FAEAC64FA46}"
EndProject
Project("{2150E333-8FDC-42A3-9474-1A3956D46DE8}") = "1_Variables", "1_Variables", "{7C1FD2EF-A26C-4278-987C-FCF28FB88F19}"
EndProject
Project("{2150E333-8FDC-42A3-9474-1A3956D46DE8}") = "2_Operators", "2_Operators", "{652E1E05-D20E-40AF-80ED-9BACF5CDEA98}"
EndProject
Project("{FAE04EC0-301F-11D3-BF4B-00C04F79EFBC}") = "1-Toplama", "Toplama\1-Toplama.csproj", "{409CA326-F48B-4412-9412-8F73C714B32C}"
EndProject
Project("{FAE04EC0-301F-11D3-BF4B-00C04F79EFBC}") = "2-Çıkartma", "2-Çıkartma\2-Çıkartma.csproj", "{54DFEF49-5B12-42B9-938B-787A508579C8}"
EndProject
Project("{FAE04EC0-301F-11D3-BF4B-00C04F79EFBC}") = "3-Carpma", "3-Carpma\3-Carpma.csproj", "{B2D63008-D556-4A68-B622-ABB4FC9128AE}"
EndProject
Project("{FAE04EC0-301F-11D3-BF4B-00C04F79EFBC}") = "4-Bolme", "4-Bolme\4-Bolme.csproj", "{2CD5D71B-6878-4934-931A-85BC24B25246}"
EndProject
Global
	GlobalSection(SolutionConfigurationPlatforms) = preSolution
		Debug|Any CPU = Debug|Any CPU
		Release|Any CPU = Release|Any CPU
	EndGlobalSection
	GlobalSection(ProjectConfigurationPlatforms) = postSolution
		{4BC3AECD-0D89-4DA5-9604-62F3D7664AE5}.Debug|Any CPU.ActiveCfg = Debug|Any CPU
		{4BC3AECD-0D89-4DA5-9604-62F3D7664AE5}.Debug|Any CPU.Build.0 = Debug|Any CPU
		{4BC3AECD-0D89-4DA5-9604-62F3D7664AE5}.Release|Any CPU.ActiveCfg = Release|Any CPU
		{4BC3AECD-0D89-4DA5-9604-62F3D7664AE5}.Release|Any CPU.Build.0 = Release|Any CPU
		{FAE28770-C530-41E1-B3AC-C24E6449E7ED}.Debug|Any CPU.ActiveCfg = Debug|Any CPU
		{FAE28770-C530-41E1-B3AC-C24E6449E7ED}.Debug|Any CPU.Build.0 = Debug|Any CPU
		{FAE28770-C530-41E1-B3AC-C24E6449E7ED}.Release|Any CPU.ActiveCfg = Release|Any CPU
		{FAE28770-C530-41E1-B3AC-C24E6449E7ED}.Release|Any CPU.Build.0 = Release|Any CPU
		{3FD26B5F-E7BE-463A-816F-E7B10290974A}.Debug|Any CPU.ActiveCfg = Debug|Any CPU
		{3FD26B5F-E7BE-463A-816F-E7B10290974A}.Debug|Any CPU.Build.0 = Debug|Any CPU
		{3FD26B5F-E7BE-463A-816F-E7B10290974A}.Release|Any CPU.ActiveCfg = Release|Any CPU
		{3FD26B5F-E7BE-463A-816F-E7B10290974A}.Release|Any CPU.Build.0 = Release|Any CPU
		{AA0E5E43-7D81-497E-8A7A-F609D262DEF7}.Debug|Any CPU.ActiveCfg = Debug|Any CPU
		{AA0E5E43-7D81-497E-8A7A-F609D262DEF7}.Debug|Any CPU.Build.0 = Debug|Any CPU
		{AA0E5E43-7D81-497E-8A7A-F609D262DEF7}.Release|Any CPU.ActiveCfg = Release|Any CPU
		{AA0E5E43-7D81-497E-8A7A-F609D262DEF7}.Release|Any CPU.Build.0 = Release|Any CPU
		{A84F93CA-F471-4EDB-91ED-7125EC234CB5}.Debug|Any CPU.ActiveCfg = Debug|Any CPU
		{A84F93CA-F471-4EDB-91ED-7125EC234CB5}.Debug|Any CPU.Build.0 = Debug|Any CPU
		{A84F93CA-F471-4EDB-91ED-7125EC234CB5}.Release|Any CPU.ActiveCfg = Release|Any CPU
		{A84F93CA-F471-4EDB-91ED-7125EC234CB5}.Release|Any CPU.Build.0 = Release|Any CPU
		{DE0B1D0F-E43A-402B-A35E-5EE02CFB1014}.Debug|Any CPU.ActiveCfg = Debug|Any CPU
		{DE0B1D0F-E43A-402B-A35E-5EE02CFB1014}.Debug|Any CPU.Build.0 = Debug|Any CPU
		{DE0B1D0F-E43A-402B-A35E-5EE02CFB1014}.Release|Any CPU.ActiveCfg = Release|Any CPU
		{DE0B1D0F-E43A-402B-A35E-5EE02CFB1014}.Release|Any CPU.Build.0 = Release|Any CPU
		{85B4F6FE-3F2E-4392-8A48-AA4DD653A650}.Debug|Any CPU.ActiveCfg = Debug|Any CPU
		{85B4F6FE-3F2E-4392-8A48-AA4DD653A650}.Debug|Any CPU.Build.0 = Debug|Any CPU
		{85B4F6FE-3F2E-4392-8A48-AA4DD653A650}.Release|Any CPU.ActiveCfg = Release|Any CPU
		{85B4F6FE-3F2E-4392-8A48-AA4DD653A650}.Release|Any CPU.Build.0 = Release|Any CPU
		{D059B112-DED5-4FBC-A911-369B8C99AF7C}.Debug|Any CPU.ActiveCfg = Debug|Any CPU
		{D059B112-DED5-4FBC-A911-369B8C99AF7C}.Debug|Any CPU.Build.0 = Debug|Any CPU
		{D059B112-DED5-4FBC-A911-369B8C99AF7C}.Release|Any CPU.ActiveCfg = Release|Any CPU
		{D059B112-DED5-4FBC-A911-369B8C99AF7C}.Release|Any CPU.Build.0 = Release|Any CPU
		{22B1B5E3-D286-4D9B-B224-980015BD1CDB}.Debug|Any CPU.ActiveCfg = Debug|Any CPU
		{22B1B5E3-D286-4D9B-B224-980015BD1CDB}.Debug|Any CPU.Build.0 = Debug|Any CPU
		{22B1B5E3-D286-4D9B-B224-980015BD1CDB}.Release|Any CPU.ActiveCfg = Release|Any CPU
		{22B1B5E3-D286-4D9B-B224-980015BD1CDB}.Release|Any CPU.Build.0 = Release|Any CPU
		{91BA4BC6-306D-4259-8D03-7FAEAC64FA46}.Debug|Any CPU.ActiveCfg = Debug|Any CPU
		{91BA4BC6-306D-4259-8D03-7FAEAC64FA46}.Debug|Any CPU.Build.0 = Debug|Any CPU
		{91BA4BC6-306D-4259-8D03-7FAEAC64FA46}.Release|Any CPU.ActiveCfg = Release|Any CPU
		{91BA4BC6-306D-4259-8D03-7FAEAC64FA46}.Release|Any CPU.Build.0 = Release|Any CPU
		{409CA326-F48B-4412-9412-8F73C714B32C}.Debug|Any CPU.ActiveCfg = Debug|Any CPU
		{409CA326-F48B-4412-9412-8F73C714B32C}.Debug|Any CPU.Build.0 = Debug|Any CPU
		{409CA326-F48B-4412-9412-8F73C714B32C}.Release|Any CPU.ActiveCfg = Release|Any CPU
		{409CA326-F48B-4412-9412-8F73C714B32C}.Release|Any CPU.Build.0 = Release|Any CPU
		{54DFEF49-5B12-42B9-938B-787A508579C8}.Debug|Any CPU.ActiveCfg = Debug|Any CPU
		{54DFEF49-5B12-42B9-938B-787A508579C8}.Debug|Any CPU.Build.0 = Debug|Any CPU
		{54DFEF49-5B12-42B9-938B-787A508579C8}.Release|Any CPU.ActiveCfg = Release|Any CPU
		{54DFEF49-5B12-42B9-938B-787A508579C8}.Release|Any CPU.Build.0 = Release|Any CPU
		{B2D63008-D556-4A68-B622-ABB4FC9128AE}.Debug|Any CPU.ActiveCfg = Debug|Any CPU
		{B2D63008-D556-4A68-B622-ABB4FC9128AE}.Debug|Any CPU.Build.0 = Debug|Any CPU
		{B2D63008-D556-4A68-B622-ABB4FC9128AE}.Release|Any CPU.ActiveCfg = Release|Any CPU
		{B2D63008-D556-4A68-B622-ABB4FC9128AE}.Release|Any CPU.Build.0 = Release|Any CPU
		{2CD5D71B-6878-4934-931A-85BC24B25246}.Debug|Any CPU.ActiveCfg = Debug|Any CPU
		{2CD5D71B-6878-4934-931A-85BC24B25246}.Debug|Any CPU.Build.0 = Debug|Any CPU
		{2CD5D71B-6878-4934-931A-85BC24B25246}.Release|Any CPU.ActiveCfg = Release|Any CPU
		{2CD5D71B-6878-4934-931A-85BC24B25246}.Release|Any CPU.Build.0 = Release|Any CPU
	EndGlobalSection
	GlobalSection(SolutionProperties) = preSolution
		HideSolutionNode = FALSE
	EndGlobalSection
	GlobalSection(NestedProjects) = preSolution
		{4BC3AECD-0D89-4DA5-9604-62F3D7664AE5} = {7C1FD2EF-A26C-4278-987C-FCF28FB88F19}
		{FAE28770-C530-41E1-B3AC-C24E6449E7ED} = {7C1FD2EF-A26C-4278-987C-FCF28FB88F19}
		{3FD26B5F-E7BE-463A-816F-E7B10290974A} = {7C1FD2EF-A26C-4278-987C-FCF28FB88F19}
		{AA0E5E43-7D81-497E-8A7A-F609D262DEF7} = {7C1FD2EF-A26C-4278-987C-FCF28FB88F19}
		{A84F93CA-F471-4EDB-91ED-7125EC234CB5} = {7C1FD2EF-A26C-4278-987C-FCF28FB88F19}
		{DE0B1D0F-E43A-402B-A35E-5EE02CFB1014} = {7C1FD2EF-A26C-4278-987C-FCF28FB88F19}
		{85B4F6FE-3F2E-4392-8A48-AA4DD653A650} = {7C1FD2EF-A26C-4278-987C-FCF28FB88F19}
		{D059B112-DED5-4FBC-A911-369B8C99AF7C} = {7C1FD2EF-A26C-4278-987C-FCF28FB88F19}
		{22B1B5E3-D286-4D9B-B224-980015BD1CDB} = {7C1FD2EF-A26C-4278-987C-FCF28FB88F19}
		{91BA4BC6-306D-4259-8D03-7FAEAC64FA46} = {7C1FD2EF-A26C-4278-987C-FCF28FB88F19}
		{409CA326-F48B-4412-9412-8F73C714B32C} = {652E1E05-D20E-40AF-80ED-9BACF5CDEA98}
		{54DFEF49-5B12-42B9-938B-787A508579C8} = {652E1E05-D20E-40AF-80ED-9BACF5CDEA98}
		{B2D63008-D556-4A68-B622-ABB4FC9128AE} = {652E1E05-D20E-40AF-80ED-9BACF5CDEA98}
		{2CD5D71B-6878-4934-931A-85BC24B25246} = {652E1E05-D20E-40AF-80ED-9BACF5CDEA98}
	EndGlobalSection
	GlobalSection(ExtensibilityGlobals) = postSolution
		SolutionGuid = {404687C5-8E53-4A3D-B4C1-D7870B93289B}
	EndGlobalSection
EndGlobal
